
Microsoft Visual Studio Solution File, Format Version 12.00
# Visual Studio 15
VisualStudioVersion = 15.0.28307.329
MinimumVisualStudioVersion = 10.0.40219.1
Project("{FAE04EC0-301F-11D3-BF4B-00C04F79EFBC}") = "PFC.SGP.UI", "PFC.SGP.UI\PFC.SGP.UI.csproj", "{695FEE12-105B-4611-860F-B18749BEC0A9}"
EndProject
Project("{FAE04EC0-301F-11D3-BF4B-00C04F79EFBC}") = "PFC.SGP.Domain", "PFC.SGP.Domain\PFC.SGP.Domain.csproj", "{778A00EA-0300-4CA8-85BA-6785490E6976}"
EndProject
Project("{FAE04EC0-301F-11D3-BF4B-00C04F79EFBC}") = "PFC.SGP.Data", "PFC.SGP.Data\PFC.SGP.Data.csproj", "{7072B958-32B5-4B93-9143-EB30D82D1AE4}"
EndProject
Global
	GlobalSection(SolutionConfigurationPlatforms) = preSolution
		Debug|Any CPU = Debug|Any CPU
		Release|Any CPU = Release|Any CPU
	EndGlobalSection
	GlobalSection(ProjectConfigurationPlatforms) = postSolution
		{695FEE12-105B-4611-860F-B18749BEC0A9}.Debug|Any CPU.ActiveCfg = Debug|Any CPU
		{695FEE12-105B-4611-860F-B18749BEC0A9}.Debug|Any CPU.Build.0 = Debug|Any CPU
		{695FEE12-105B-4611-860F-B18749BEC0A9}.Release|Any CPU.ActiveCfg = Release|Any CPU
		{695FEE12-105B-4611-860F-B18749BEC0A9}.Release|Any CPU.Build.0 = Release|Any CPU
		{778A00EA-0300-4CA8-85BA-6785490E6976}.Debug|Any CPU.ActiveCfg = Debug|Any CPU
		{778A00EA-0300-4CA8-85BA-6785490E6976}.Debug|Any CPU.Build.0 = Debug|Any CPU
		{778A00EA-0300-4CA8-85BA-6785490E6976}.Release|Any CPU.ActiveCfg = Release|Any CPU
		{778A00EA-0300-4CA8-85BA-6785490E6976}.Release|Any CPU.Build.0 = Release|Any CPU
		{7072B958-32B5-4B93-9143-EB30D82D1AE4}.Debug|Any CPU.ActiveCfg = Debug|Any CPU
		{7072B958-32B5-4B93-9143-EB30D82D1AE4}.Debug|Any CPU.Build.0 = Debug|Any CPU
		{7072B958-32B5-4B93-9143-EB30D82D1AE4}.Release|Any CPU.ActiveCfg = Release|Any CPU
		{7072B958-32B5-4B93-9143-EB30D82D1AE4}.Release|Any CPU.Build.0 = Release|Any CPU
	EndGlobalSection
	GlobalSection(SolutionProperties) = preSolution
		HideSolutionNode = FALSE
	EndGlobalSection
	GlobalSection(ExtensibilityGlobals) = postSolution
		SolutionGuid = {8461B3F8-9ECF-4622-BC21-60A2A434C05E}
	EndGlobalSection
EndGlobal
